
Microsoft Visual Studio Solution File, Format Version 12.00
Project("{FAE04EC0-301F-11D3-BF4B-00C04F79EFBC}") = "ExamPrep_IdeaCenter", "ExamPrep_IdeaCenter\ExamPrep_IdeaCenter.csproj", "{C653F007-F677-4C2A-B626-1E80E9D7FF51}"
EndProject
Global
	GlobalSection(SolutionConfigurationPlatforms) = preSolution
		Debug|Any CPU = Debug|Any CPU
		Release|Any CPU = Release|Any CPU
	EndGlobalSection
	GlobalSection(ProjectConfigurationPlatforms) = postSolution
		{C653F007-F677-4C2A-B626-1E80E9D7FF51}.Debug|Any CPU.ActiveCfg = Debug|Any CPU
		{C653F007-F677-4C2A-B626-1E80E9D7FF51}.Debug|Any CPU.Build.0 = Debug|Any CPU
		{C653F007-F677-4C2A-B626-1E80E9D7FF51}.Release|Any CPU.ActiveCfg = Release|Any CPU
		{C653F007-F677-4C2A-B626-1E80E9D7FF51}.Release|Any CPU.Build.0 = Release|Any CPU
	EndGlobalSection
EndGlobal
